{
  "requires": true,
  "lockfileVersion": 1,
  "dependencies": {
    "acorn": {
      "version": "6.0.0",
      "resolved": "https://registry.npm.taobao.org/acorn/download/acorn-6.0.0.tgz?cache=0&sync_timestamp=1569334654641&other_urls=https%3A%2F%2Fregistry.npm.taobao.org%2Facorn%2Fdownload%2Facorn-6.0.0.tgz"
    },
    "acorn-dynamic-import": {
      "version": "4.0.0",
      "resolved": "https://registry.npm.taobao.org/acorn-dynamic-import/download/acorn-dynamic-import-4.0.0.tgz",
      "dependencies": {
        "acorn": {
          "version": "https://registry.npm.taobao.org/acorn/download/acorn-6.3.0.tgz?cache=0&sync_timestamp=1569334654641&other_urls=https%3A%2F%2Fregistry.npm.taobao.org%2Facorn%2Fdownload%2Facorn-6.3.0.tgz"
        }
      }
    },
    "acorn-walk": {
      "version": "6.1.0",
      "resolved": "https://registry.npmjs.org/acorn-walk/-/acorn-walk-6.1.0.tgz",
      "integrity": "sha512-ugTb7Lq7u4GfWSqqpwE0bGyoBZNMTok/zDBXxfEG0QM50jNlGhIWjRC1pPN7bvV1anhF+bs+/gNcRw+o55Evbg=="
    }
  }
}
